
Microsoft Visual Studio Solution File, Format Version 12.00
# Visual Studio Version 17
VisualStudioVersion = 17.9.34728.123
MinimumVisualStudioVersion = 10.0.40219.1
Project("{FAE04EC0-301F-11D3-BF4B-00C04F79EFBC}") = "assignment1#", "assignment1#\assignment1#.csproj", "{B2AC0091-4624-44B2-A3E6-0F8491434A0B}"
EndProject
Project("{FAE04EC0-301F-11D3-BF4B-00C04F79EFBC}") = "ClassLibrary1", "ClassLibrary1\ClassLibrary1.csproj", "{18EED21A-D15C-4386-B230-94A8B4596811}"
EndProject
Global
	GlobalSection(SolutionConfigurationPlatforms) = preSolution
		Debug|Any CPU = Debug|Any CPU
		Release|Any CPU = Release|Any CPU
	EndGlobalSection
	GlobalSection(ProjectConfigurationPlatforms) = postSolution
		{B2AC0091-4624-44B2-A3E6-0F8491434A0B}.Debug|Any CPU.ActiveCfg = Debug|Any CPU
		{B2AC0091-4624-44B2-A3E6-0F8491434A0B}.Debug|Any CPU.Build.0 = Debug|Any CPU
		{B2AC0091-4624-44B2-A3E6-0F8491434A0B}.Release|Any CPU.ActiveCfg = Release|Any CPU
		{B2AC0091-4624-44B2-A3E6-0F8491434A0B}.Release|Any CPU.Build.0 = Release|Any CPU
		{18EED21A-D15C-4386-B230-94A8B4596811}.Debug|Any CPU.ActiveCfg = Debug|Any CPU
		{18EED21A-D15C-4386-B230-94A8B4596811}.Debug|Any CPU.Build.0 = Debug|Any CPU
		{18EED21A-D15C-4386-B230-94A8B4596811}.Release|Any CPU.ActiveCfg = Release|Any CPU
		{18EED21A-D15C-4386-B230-94A8B4596811}.Release|Any CPU.Build.0 = Release|Any CPU
	EndGlobalSection
	GlobalSection(SolutionProperties) = preSolution
		HideSolutionNode = FALSE
	EndGlobalSection
	GlobalSection(ExtensibilityGlobals) = postSolution
		SolutionGuid = {2710CE08-9BE1-4936-8AF9-A69D2EB7217B}
	EndGlobalSection
EndGlobal
