
Microsoft Visual Studio Solution File, Format Version 12.00
# Visual Studio Version 17
VisualStudioVersion = 17.9.34728.123
MinimumVisualStudioVersion = 10.0.40219.1
Project("{FAE04EC0-301F-11D3-BF4B-00C04F79EFBC}") = "console app", "console app\console app.csproj", "{40AE039C-B179-41A1-8718-8B79FF8D9187}"
EndProject
Global
	GlobalSection(SolutionConfigurationPlatforms) = preSolution
		Debug|Any CPU = Debug|Any CPU
		Release|Any CPU = Release|Any CPU
	EndGlobalSection
	GlobalSection(ProjectConfigurationPlatforms) = postSolution
		{40AE039C-B179-41A1-8718-8B79FF8D9187}.Debug|Any CPU.ActiveCfg = Debug|Any CPU
		{40AE039C-B179-41A1-8718-8B79FF8D9187}.Debug|Any CPU.Build.0 = Debug|Any CPU
		{40AE039C-B179-41A1-8718-8B79FF8D9187}.Release|Any CPU.ActiveCfg = Release|Any CPU
		{40AE039C-B179-41A1-8718-8B79FF8D9187}.Release|Any CPU.Build.0 = Release|Any CPU
	EndGlobalSection
	GlobalSection(SolutionProperties) = preSolution
		HideSolutionNode = FALSE
	EndGlobalSection
	GlobalSection(ExtensibilityGlobals) = postSolution
		SolutionGuid = {EB6C282A-AABC-4227-BDBA-FD0D5EDDA9CB}
	EndGlobalSection
EndGlobal
