
Microsoft Visual Studio Solution File, Format Version 12.00
# Visual Studio Version 17
VisualStudioVersion = 17.9.34728.123
MinimumVisualStudioVersion = 10.0.40219.1
Project("{FAE04EC0-301F-11D3-BF4B-00C04F79EFBC}") = "MovieManager", "MovieManager.csproj", "{0E44B1DC-CCF0-4CBC-881E-816FF915607B}"
EndProject
Global
	GlobalSection(SolutionConfigurationPlatforms) = preSolution
		Debug|Any CPU = Debug|Any CPU
		Release|Any CPU = Release|Any CPU
	EndGlobalSection
	GlobalSection(ProjectConfigurationPlatforms) = postSolution
		{0E44B1DC-CCF0-4CBC-881E-816FF915607B}.Debug|Any CPU.ActiveCfg = Debug|Any CPU
		{0E44B1DC-CCF0-4CBC-881E-816FF915607B}.Debug|Any CPU.Build.0 = Debug|Any CPU
		{0E44B1DC-CCF0-4CBC-881E-816FF915607B}.Release|Any CPU.ActiveCfg = Release|Any CPU
		{0E44B1DC-CCF0-4CBC-881E-816FF915607B}.Release|Any CPU.Build.0 = Release|Any CPU
	EndGlobalSection
	GlobalSection(SolutionProperties) = preSolution
		HideSolutionNode = FALSE
	EndGlobalSection
	GlobalSection(ExtensibilityGlobals) = postSolution
		SolutionGuid = {A9164886-7B6E-4760-8D64-EF8FFF9623B2}
	EndGlobalSection
EndGlobal
